
Microsoft Visual Studio Solution File, Format Version 12.00
# Visual Studio Version 16
VisualStudioVersion = 16.0.30611.23
MinimumVisualStudioVersion = 10.0.40219.1
Project("{FAE04EC0-301F-11D3-BF4B-00C04F79EFBC}") = "PresentationLayer", "QuanLyCuaHangBanDoChoi\PresentationLayer.csproj", "{4840C615-D4A6-4AD1-B0B5-2DD5770ACF92}"
EndProject
Project("{FAE04EC0-301F-11D3-BF4B-00C04F79EFBC}") = "DataAccessLayer", "DataAccessLayer\DataAccessLayer.csproj", "{E2716CA4-92D3-44B4-9C26-7C8DDF6B8F6A}"
EndProject
Project("{FAE04EC0-301F-11D3-BF4B-00C04F79EFBC}") = "BusinessLogicLayer", "BusinessLogicLayer\BusinessLogicLayer.csproj", "{F4700EF0-3F43-488A-A3BD-5FA7ECDBF168}"
EndProject
Project("{FAE04EC0-301F-11D3-BF4B-00C04F79EFBC}") = "DTO", "DTO\DTO.csproj", "{391C5C0A-B7D5-4E67-A22B-3AF63A65644C}"
EndProject
Global
	GlobalSection(SolutionConfigurationPlatforms) = preSolution
		Debug|Any CPU = Debug|Any CPU
		Release|Any CPU = Release|Any CPU
	EndGlobalSection
	GlobalSection(ProjectConfigurationPlatforms) = postSolution
		{4840C615-D4A6-4AD1-B0B5-2DD5770ACF92}.Debug|Any CPU.ActiveCfg = Debug|Any CPU
		{4840C615-D4A6-4AD1-B0B5-2DD5770ACF92}.Debug|Any CPU.Build.0 = Debug|Any CPU
		{4840C615-D4A6-4AD1-B0B5-2DD5770ACF92}.Release|Any CPU.ActiveCfg = Release|Any CPU
		{4840C615-D4A6-4AD1-B0B5-2DD5770ACF92}.Release|Any CPU.Build.0 = Release|Any CPU
		{E2716CA4-92D3-44B4-9C26-7C8DDF6B8F6A}.Debug|Any CPU.ActiveCfg = Debug|Any CPU
		{E2716CA4-92D3-44B4-9C26-7C8DDF6B8F6A}.Debug|Any CPU.Build.0 = Debug|Any CPU
		{E2716CA4-92D3-44B4-9C26-7C8DDF6B8F6A}.Release|Any CPU.ActiveCfg = Release|Any CPU
		{E2716CA4-92D3-44B4-9C26-7C8DDF6B8F6A}.Release|Any CPU.Build.0 = Release|Any CPU
		{F4700EF0-3F43-488A-A3BD-5FA7ECDBF168}.Debug|Any CPU.ActiveCfg = Debug|Any CPU
		{F4700EF0-3F43-488A-A3BD-5FA7ECDBF168}.Debug|Any CPU.Build.0 = Debug|Any CPU
		{F4700EF0-3F43-488A-A3BD-5FA7ECDBF168}.Release|Any CPU.ActiveCfg = Release|Any CPU
		{F4700EF0-3F43-488A-A3BD-5FA7ECDBF168}.Release|Any CPU.Build.0 = Release|Any CPU
		{391C5C0A-B7D5-4E67-A22B-3AF63A65644C}.Debug|Any CPU.ActiveCfg = Debug|Any CPU
		{391C5C0A-B7D5-4E67-A22B-3AF63A65644C}.Debug|Any CPU.Build.0 = Debug|Any CPU
		{391C5C0A-B7D5-4E67-A22B-3AF63A65644C}.Release|Any CPU.ActiveCfg = Release|Any CPU
		{391C5C0A-B7D5-4E67-A22B-3AF63A65644C}.Release|Any CPU.Build.0 = Release|Any CPU
	EndGlobalSection
	GlobalSection(SolutionProperties) = preSolution
		HideSolutionNode = FALSE
	EndGlobalSection
	GlobalSection(ExtensibilityGlobals) = postSolution
		SolutionGuid = {FF820A93-4AD7-4EA6-8F1B-476DD6BC721C}
	EndGlobalSection
EndGlobal
